hash: 330adc9e0cccc51f882492eb214374741a3612610b2612fc8bfe3aadaae653fd
updated: 2016-10-21T14:27:44.064295452-04:00
imports:
- name: github.com/amir/raidman
  version: c74861fe6a7bb8ede0a010ce4485bdbb4fc4c985
  subpackages:
  - proto
- name: github.com/golang/protobuf
  version: 98fa357170587e470c5f27d3c3ea0947b71eb455
  subpackages:
  - proto
- name: github.com/influxdata/influxdb
  version: ff307047057b7797418998a4ed709b0c0f346324
  subpackages:
  - client/v2
  - models
  - pkg/escape
- name: github.com/montanaflynn/stats
  version: eeaced052adbcfeea372c749c281099ed7fdaa38
- name: github.com/robfig/cron
  version: b024fc5ea0e34bc3f83d9941c8d60b0622bfaca4
- name: golang.org/x/net
  version: 3bafa3320efdf0c95d056586aa9abdd05ad72ee1
  subpackages:
  - proxy
testImports: []
